// !$*UTF8*$!
{
	archiveVersion = 1;
	classes = {
	};
	objectVersion = 46;
	objects = {

/* Begin PBXBuildFile section */
		04151CCB1EB8C098005F1BC7 /* GitTest.m in Sources */ = {isa = PBXBuildFile; fileRef = 04151CCA1EB8C098005F1BC7 /* GitTest.m */; };
		06460BEA1EAEEEBA008B2263 /* main.m in Sources */ = {isa = PBXBuildFile; fileRef = 06460BE91EAEEEBA008B2263 /* main.m */; };
		06460BED1EAEEEBA008B2263 /* AppDelegate.m in Sources */ = {isa = PBXBuildFile; fileRef = 06460BEC1EAEEEBA008B2263 /* AppDelegate.m */; };
		06460BF01EAEEEBA008B2263 /* ConnectViewController.m in Sources */ = {isa = PBXBuildFile; fileRef = 06460BEF1EAEEEBA008B2263 /* ConnectViewController.m */; };
		06460BF31EAEEEBA008B2263 /* Main.storyboard in Resources */ = {isa = PBXBuildFile; fileRef = 06460BF11EAEEEBA008B2263 /* Main.storyboard */; };
		06460BF51EAEEEBA008B2263 /* Assets.xcassets in Resources */ = {isa = PBXBuildFile; fileRef = 06460BF41EAEEEBA008B2263 /* Assets.xcassets */; };
		06460BF81EAEEEBA008B2263 /* LaunchScreen.storyboard in Resources */ = {isa = PBXBuildFile; fileRef = 06460BF61EAEEEBA008B2263 /* LaunchScreen.storyboard */; };
		06460C061EAEF6DD008B2263 /* AsyncSocket.m in Sources */ = {isa = PBXBuildFile; fileRef = 06460C031EAEF6DD008B2263 /* AsyncSocket.m */; };
		06460C071EAEF6DD008B2263 /* AsyncUdpSocket.m in Sources */ = {isa = PBXBuildFile; fileRef = 06460C051EAEF6DD008B2263 /* AsyncUdpSocket.m */; };
		065239B21EB36F010054AD3F /* fuweiN.png in Resources */ = {isa = PBXBuildFile; fileRef = 065239A91EB36F010054AD3F /* fuweiN.png */; };
		065239B31EB36F010054AD3F /* fuweiS.png in Resources */ = {isa = PBXBuildFile; fileRef = 065239AA1EB36F010054AD3F /* fuweiS.png */; };
		065239B41EB36F010054AD3F /* qiehuanN.png in Resources */ = {isa = PBXBuildFile; fileRef = 065239AB1EB36F010054AD3F /* qiehuanN.png */; };
		065239B51EB36F010054AD3F /* qiehuanS.png in Resources */ = {isa = PBXBuildFile; fileRef = 065239AC1EB36F010054AD3F /* qiehuanS.png */; };
		065239B61EB36F010054AD3F /* shuaxinN.png in Resources */ = {isa = PBXBuildFile; fileRef = 065239AD1EB36F010054AD3F /* shuaxinN.png */; };
		065239B71EB36F010054AD3F /* shuaxinS.png in Resources */ = {isa = PBXBuildFile; fileRef = 065239AE1EB36F010054AD3F /* shuaxinS.png */; };
		065239B81EB36F010054AD3F /* xiayibuN.png in Resources */ = {isa = PBXBuildFile; fileRef = 065239AF1EB36F010054AD3F /* xiayibuN.png */; };
		065239B91EB36F010054AD3F /* xiayibuS.png in Resources */ = {isa = PBXBuildFile; fileRef = 065239B01EB36F010054AD3F /* xiayibuS.png */; };
		065239BE1EB36F5B0054AD3F /* headImage0.png in Resources */ = {isa = PBXBuildFile; fileRef = 065239BA1EB36F5B0054AD3F /* headImage0.png */; };
		065239BF1EB36F5B0054AD3F /* headImage1.png in Resources */ = {isa = PBXBuildFile; fileRef = 065239BB1EB36F5B0054AD3F /* headImage1.png */; };
		065239C01EB36F5B0054AD3F /* headImage2.png in Resources */ = {isa = PBXBuildFile; fileRef = 065239BC1EB36F5B0054AD3F /* headImage2.png */; };
		065239C11EB36F5B0054AD3F /* headImage3.png in Resources */ = {isa = PBXBuildFile; fileRef = 065239BD1EB36F5B0054AD3F /* headImage3.png */; };
		065239C31EB36F7F0054AD3F /* biaoqianlan.png in Resources */ = {isa = PBXBuildFile; fileRef = 065239C21EB36F7F0054AD3F /* biaoqianlan.png */; };
		06E7A8051EB0A91C004F923E /* AsyncSocketManager.m in Sources */ = {isa = PBXBuildFile; fileRef = 06E7A8041EB0A91C004F923E /* AsyncSocketManager.m */; };
		9A5F114E9EA11354E3F51416 /* libPods-LiveControl.a in Frameworks */ = {isa = PBXBuildFile; fileRef = F99BE9C9B9F79211517BCA29 /* libPods-LiveControl.a */; };
/* End PBXBuildFile section */

/* Begin PBXFileReference section */
		04151CC91EB8C098005F1BC7 /* GitTest.h */ = {isa = PBXFileReference; fileEncoding = 4; lastKnownFileType = sourcecode.c.h; path = GitTest.h; sourceTree = "<group>"; };
		04151CCA1EB8C098005F1BC7 /* GitTest.m */ = {isa = PBXFileReference; fileEncoding = 4; lastKnownFileType = sourcecode.c.objc; path = GitTest.m; sourceTree = "<group>"; };
		06460BE51EAEEEBA008B2263 /* LiveControl.app */ = {isa = PBXFileReference; explicitFileType = wrapper.application; includeInIndex = 0; path = LiveControl.app; sourceTree = BUILT_PRODUCTS_DIR; };
		06460BE91EAEEEBA008B2263 /* main.m */ = {isa = PBXFileReference; lastKnownFileType = sourcecode.c.objc; path = main.m; sourceTree = "<group>"; };
		06460BEB1EAEEEBA008B2263 /* AppDelegate.h */ = {isa = PBXFileReference; lastKnownFileType = sourcecode.c.h; path = AppDelegate.h; sourceTree = "<group>"; };
		06460BEC1EAEEEBA008B2263 /* AppDelegate.m */ = {isa = PBXFileReference; lastKnownFileType = sourcecode.c.objc; path = AppDelegate.m; sourceTree = "<group>"; };
		06460BEE1EAEEEBA008B2263 /* ConnectViewController.h */ = {isa = PBXFileReference; lastKnownFileType = sourcecode.c.h; path = ConnectViewController.h; sourceTree = "<group>"; };
		06460BEF1EAEEEBA008B2263 /* ConnectViewController.m */ = {isa = PBXFileReference; lastKnownFileType = sourcecode.c.objc; path = ConnectViewController.m; sourceTree = "<group>"; };
		06460BF21EAEEEBA008B2263 /* Base */ = {isa = PBXFileReference; lastKnownFileType = file.storyboard; name = Base; path = Base.lproj/Main.storyboard; sourceTree = "<group>"; };
		06460BF41EAEEEBA008B2263 /* Assets.xcassets */ = {isa = PBXFileReference; lastKnownFileType = folder.assetcatalog; path = Assets.xcassets; sourceTree = "<group>"; };
		06460BF71EAEEEBA008B2263 /* Base */ = {isa = PBXFileReference; lastKnownFileType = file.storyboard; name = Base; path = Base.lproj/LaunchScreen.storyboard; sourceTree = "<group>"; };
		06460BF91EAEEEBA008B2263 /* Info.plist */ = {isa = PBXFileReference; lastKnownFileType = text.plist.xml; path = Info.plist; sourceTree = "<group>"; };
		06460C001EAEF341008B2263 /* PrefixHeader.pch */ = {isa = PBXFileReference; lastKnownFileType = sourcecode.c.h; path = PrefixHeader.pch; sourceTree = "<group>"; };
		06460C021EAEF6DD008B2263 /* AsyncSocket.h */ = {isa = PBXFileReference; fileEncoding = 4; lastKnownFileType = sourcecode.c.h; path = AsyncSocket.h; sourceTree = "<group>"; };
		06460C031EAEF6DD008B2263 /* AsyncSocket.m */ = {isa = PBXFileReference; fileEncoding = 4; lastKnownFileType = sourcecode.c.objc; path = AsyncSocket.m; sourceTree = "<group>"; };
		06460C041EAEF6DD008B2263 /* AsyncUdpSocket.h */ = {isa = PBXFileReference; fileEncoding = 4; lastKnownFileType = sourcecode.c.h; path = AsyncUdpSocket.h; sourceTree = "<group>"; };
		06460C051EAEF6DD008B2263 /* AsyncUdpSocket.m */ = {isa = PBXFileReference; fileEncoding = 4; lastKnownFileType = sourcecode.c.objc; path = AsyncUdpSocket.m; sourceTree = "<group>"; };
		065239A91EB36F010054AD3F /* fuweiN.png */ = {isa = PBXFileReference; lastKnownFileType = image.png; path = fuweiN.png; sourceTree = "<group>"; };
		065239AA1EB36F010054AD3F /* fuweiS.png */ = {isa = PBXFileReference; lastKnownFileType = image.png; path = fuweiS.png; sourceTree = "<group>"; };
		065239AB1EB36F010054AD3F /* qiehuanN.png */ = {isa = PBXFileReference; lastKnownFileType = image.png; path = qiehuanN.png; sourceTree = "<group>"; };
		065239AC1EB36F010054AD3F /* qiehuanS.png */ = {isa = PBXFileReference; lastKnownFileType = image.png; path = qiehuanS.png; sourceTree = "<group>"; };
		065239AD1EB36F010054AD3F /* shuaxinN.png */ = {isa = PBXFileReference; lastKnownFileType = image.png; path = shuaxinN.png; sourceTree = "<group>"; };
		065239AE1EB36F010054AD3F /* shuaxinS.png */ = {isa = PBXFileReference; lastKnownFileType = image.png; path = shuaxinS.png; sourceTree = "<group>"; };
		065239AF1EB36F010054AD3F /* xiayibuN.png */ = {isa = PBXFileReference; lastKnownFileType = image.png; path = xiayibuN.png; sourceTree = "<group>"; };
		065239B01EB36F010054AD3F /* xiayibuS.png */ = {isa = PBXFileReference; lastKnownFileType = image.png; path = xiayibuS.png; sourceTree = "<group>"; };
		065239BA1EB36F5B0054AD3F /* headImage0.png */ = {isa = PBXFileReference; lastKnownFileType = image.png; path = headImage0.png; sourceTree = "<group>"; };
		065239BB1EB36F5B0054AD3F /* headImage1.png */ = {isa = PBXFileReference; lastKnownFileType = image.png; path = headImage1.png; sourceTree = "<group>"; };
		065239BC1EB36F5B0054AD3F /* headImage2.png */ = {isa = PBXFileReference; lastKnownFileType = image.png; path = headImage2.png; sourceTree = "<group>"; };
		065239BD1EB36F5B0054AD3F /* headImage3.png */ = {isa = PBXFileReference; lastKnownFileType = image.png; path = headImage3.png; sourceTree = "<group>"; };
		065239C21EB36F7F0054AD3F /* biaoqianlan.png */ = {isa = PBXFileReference; lastKnownFileType = image.png; path = biaoqianlan.png; sourceTree = "<group>"; };
		06E7A8031EB0A91C004F923E /* AsyncSocketManager.h */ = {isa = PBXFileReference; fileEncoding = 4; lastKnownFileType = sourcecode.c.h; path = AsyncSocketManager.h; sourceTree = "<group>"; };
		06E7A8041EB0A91C004F923E /* AsyncSocketManager.m */ = {isa = PBXFileReference; fileEncoding = 4; lastKnownFileType = sourcecode.c.objc; path = AsyncSocketManager.m; sourceTree = "<group>"; };
		077336381EB7C13471E9BF3D /* Pods-LiveControl.release.xcconfig */ = {isa = PBXFileReference; includeInIndex = 1; lastKnownFileType = text.xcconfig; name = "Pods-LiveControl.release.xcconfig"; path = "Pods/Target Support Files/Pods-LiveControl/Pods-LiveControl.release.xcconfig"; sourceTree = "<group>"; };
		2454B963C6CBBD799D705A1B /* Pods-LiveControl.debug.xcconfig */ = {isa = PBXFileReference; includeInIndex = 1; lastKnownFileType = text.xcconfig; name = "Pods-LiveControl.debug.xcconfig"; path = "Pods/Target Support Files/Pods-LiveControl/Pods-LiveControl.debug.xcconfig"; sourceTree = "<group>"; };
		F99BE9C9B9F79211517BCA29 /* libPods-LiveControl.a */ = {isa = PBXFileReference; explicitFileType = archive.ar; includeInIndex = 0; path = "libPods-LiveControl.a"; sourceTree = BUILT_PRODUCTS_DIR; };
/* End PBXFileReference section */

/* Begin PBXFrameworksBuildPhase section */
		06460BE21EAEEEBA008B2263 /* Frameworks */ = {
			isa = PBXFrameworksBuildPhase;
			buildActionMask = 2147483647;
			files = (
				9A5F114E9EA11354E3F51416 /* libPods-LiveControl.a in Frameworks */,
			);
			runOnlyForDeploymentPostprocessing = 0;
		};
/* End PBXFrameworksBuildPhase section */

/* Begin PBXGroup section */
		06460BDC1EAEEEBA008B2263 = {
			isa = PBXGroup;
			children = (
				06460BE71EAEEEBA008B2263 /* LiveControl */,
				06460BE61EAEEEBA008B2263 /* Products */,
				928B3830983A7F35312EBACF /* Pods */,
				7E4B1A08D74C7B63D1A1D157 /* Frameworks */,
			);
			sourceTree = "<group>";
		};
		06460BE61EAEEEBA008B2263 /* Products */ = {
			isa = PBXGroup;
			children = (
				06460BE51EAEEEBA008B2263 /* LiveControl.app */,
			);
			name = Products;
			sourceTree = "<group>";
		};
		06460BE71EAEEEBA008B2263 /* LiveControl */ = {
			isa = PBXGroup;
			children = (
				065239A51EB36E2D0054AD3F /* Image */,
				06460C011EAEF6DD008B2263 /* AsyncSocket */,
				06460BEB1EAEEEBA008B2263 /* AppDelegate.h */,
				06460BEC1EAEEEBA008B2263 /* AppDelegate.m */,
				06460BEE1EAEEEBA008B2263 /* ConnectViewController.h */,
				06460BEF1EAEEEBA008B2263 /* ConnectViewController.m */,
				06E7A8031EB0A91C004F923E /* AsyncSocketManager.h */,
				06E7A8041EB0A91C004F923E /* AsyncSocketManager.m */,
				04151CC91EB8C098005F1BC7 /* GitTest.h */,
				04151CCA1EB8C098005F1BC7 /* GitTest.m */,
				06460BF11EAEEEBA008B2263 /* Main.storyboard */,
				06460BF41EAEEEBA008B2263 /* Assets.xcassets */,
				06460BF61EAEEEBA008B2263 /* LaunchScreen.storyboard */,
				06460BF91EAEEEBA008B2263 /* Info.plist */,
				06460BE81EAEEEBA008B2263 /* Supporting Files */,
				06460C001EAEF341008B2263 /* PrefixHeader.pch */,
			);
			path = LiveControl;
			sourceTree = "<group>";
		};
		06460BE81EAEEEBA008B2263 /* Supporting Files */ = {
			isa = PBXGroup;
			children = (
				06460BE91EAEEEBA008B2263 /* main.m */,
			);
			name = "Supporting Files";
			sourceTree = "<group>";
		};
		06460C011EAEF6DD008B2263 /* AsyncSocket */ = {
			isa = PBXGroup;
			children = (
				06460C021EAEF6DD008B2263 /* AsyncSocket.h */,
				06460C031EAEF6DD008B2263 /* AsyncSocket.m */,
				06460C041EAEF6DD008B2263 /* AsyncUdpSocket.h */,
				06460C051EAEF6DD008B2263 /* AsyncUdpSocket.m */,
			);
			path = AsyncSocket;
			sourceTree = "<group>";
		};
		065239A51EB36E2D0054AD3F /* Image */ = {
			isa = PBXGroup;
			children = (
				065239A71EB36E610054AD3F /* backgroundImage */,
				065239A61EB36E470054AD3F /* button */,
			);
			path = Image;
			sourceTree = "<group>";
		};
		065239A61EB36E470054AD3F /* button */ = {
			isa = PBXGroup;
			children = (
				065239A91EB36F010054AD3F /* fuweiN.png */,
				065239AA1EB36F010054AD3F /* fuweiS.png */,
				065239AB1EB36F010054AD3F /* qiehuanN.png */,
				065239AC1EB36F010054AD3F /* qiehuanS.png */,
				065239AD1EB36F010054AD3F /* shuaxinN.png */,
				065239AE1EB36F010054AD3F /* shuaxinS.png */,
				065239AF1EB36F010054AD3F /* xiayibuN.png */,
				065239B01EB36F010054AD3F /* xiayibuS.png */,
			);
			path = button;
			sourceTree = "<group>";
		};
		065239A71EB36E610054AD3F /* backgroundImage */ = {
			isa = PBXGroup;
			children = (
				065239C21EB36F7F0054AD3F /* biaoqianlan.png */,
				065239BA1EB36F5B0054AD3F /* headImage0.png */,
				065239BB1EB36F5B0054AD3F /* headImage1.png */,
				065239BC1EB36F5B0054AD3F /* headImage2.png */,
				065239BD1EB36F5B0054AD3F /* headImage3.png */,
			);
			path = backgroundImage;
			sourceTree = "<group>";
		};
		7E4B1A08D74C7B63D1A1D157 /* Frameworks */ = {
			isa = PBXGroup;
			children = (
				F99BE9C9B9F79211517BCA29 /* libPods-LiveControl.a */,
			);
			name = Frameworks;
			sourceTree = "<group>";
		};
		928B3830983A7F35312EBACF /* Pods */ = {
			isa = PBXGroup;
			children = (
				2454B963C6CBBD799D705A1B /* Pods-LiveControl.debug.xcconfig */,
				077336381EB7C13471E9BF3D /* Pods-LiveControl.release.xcconfig */,
			);
			name = Pods;
			sourceTree = "<group>";
		};
/* End PBXGroup section */

/* Begin PBXNativeTarget section */
		06460BE41EAEEEBA008B2263 /* LiveControl */ = {
			isa = PBXNativeTarget;
			buildConfigurationList = 06460BFC1EAEEEBA008B2263 /* Build configuration list for PBXNativeTarget "LiveControl" */;
			buildPhases = (
				F0D44426D3BF7042B692516F /* [CP] Check Pods Manifest.lock */,
				06460BE11EAEEEBA008B2263 /* Sources */,
				06460BE21EAEEEBA008B2263 /* Frameworks */,
				06460BE31EAEEEBA008B2263 /* Resources */,
				A4850ECB31DD5B1D322E2372 /* [CP] Embed Pods Frameworks */,
				181ECFA8B8567C92015B420D /* [CP] Copy Pods Resources */,
			);
			buildRules = (
			);
			dependencies = (
			);
			name = LiveControl;
			productName = LiveControl;
			productReference = 06460BE51EAEEEBA008B2263 /* LiveControl.app */;
			productType = "com.apple.product-type.application";
		};
/* End PBXNativeTarget section */

/* Begin PBXProject section */
		06460BDD1EAEEEBA008B2263 /* Project object */ = {
			isa = PBXProject;
			attributes = {
				LastUpgradeCheck = 0830;
				ORGANIZATIONNAME = LY;
				TargetAttributes = {
					06460BE41EAEEEBA008B2263 = {
						CreatedOnToolsVersion = 8.3.1;
						DevelopmentTeam = 7V9ZV7T6PZ;
						ProvisioningStyle = Automatic;
					};
				};
			};
			buildConfigurationList = 06460BE01EAEEEBA008B2263 /* Build configuration list for PBXProject "LiveControl" */;
			compatibilityVersion = "Xcode 3.2";
			developmentRegion = English;
			hasScannedForEncodings = 0;
			knownRegions = (
				en,
				Base,
			);
			mainGroup = 06460BDC1EAEEEBA008B2263;
			productRefGroup = 06460BE61EAEEEBA008B2263 /* Products */;
			projectDirPath = "";
			projectRoot = "";
			targets = (
				06460BE41EAEEEBA008B2263 /* LiveControl */,
			);
		};
/* End PBXProject section */

/* Begin PBXResourcesBuildPhase section */
		06460BE31EAEEEBA008B2263 /* Resources */ = {
			isa = PBXResourcesBuildPhase;
			buildActionMask = 2147483647;
			files = (
				065239B81EB36F010054AD3F /* xiayibuN.png in Resources */,
				065239B91EB36F010054AD3F /* xiayibuS.png in Resources */,
				065239B71EB36F010054AD3F /* shuaxinS.png in Resources */,
				065239B21EB36F010054AD3F /* fuweiN.png in Resources */,
				06460BF81EAEEEBA008B2263 /* LaunchScreen.storyboard in Resources */,
				065239B41EB36F010054AD3F /* qiehuanN.png in Resources */,
				065239BF1EB36F5B0054AD3F /* headImage1.png in Resources */,
				065239C31EB36F7F0054AD3F /* biaoqianlan.png in Resources */,
				06460BF51EAEEEBA008B2263 /* Assets.xcassets in Resources */,
				065239C11EB36F5B0054AD3F /* headImage3.png in Resources */,
				065239B61EB36F010054AD3F /* shuaxinN.png in Resources */,
				065239B51EB36F010054AD3F /* qiehuanS.png in Resources */,
				065239B31EB36F010054AD3F /* fuweiS.png in Resources */,
				065239BE1EB36F5B0054AD3F /* headImage0.png in Resources */,
				065239C01EB36F5B0054AD3F /* headImage2.png in Resources */,
				06460BF31EAEEEBA008B2263 /* Main.storyboard in Resources */,
			);
			runOnlyForDeploymentPostprocessing = 0;
		};
/* End PBXResourcesBuildPhase section */

/* Begin PBXShellScriptBuildPhase section */
		181ECFA8B8567C92015B420D /* [CP] Copy Pods Resources */ = {
			isa = PBXShellScriptBuildPhase;
			buildActionMask = 2147483647;
			files = (
			);
			inputPaths = (
			);
			name = "[CP] Copy Pods Resources";
			outputPaths = (
			);
			runOnlyForDeploymentPostprocessing = 0;
			shellPath = /bin/sh;
			shellScript = "\"${SRCROOT}/Pods/Target Support Files/Pods-LiveControl/Pods-LiveControl-resources.sh\"\n";
			showEnvVarsInLog = 0;
		};
		A4850ECB31DD5B1D322E2372 /* [CP] Embed Pods Frameworks */ = {
			isa = PBXShellScriptBuildPhase;
			buildActionMask = 2147483647;
			files = (
			);
			inputPaths = (
			);
			name = "[CP] Embed Pods Frameworks";
			outputPaths = (
			);
			runOnlyForDeploymentPostprocessing = 0;
			shellPath = /bin/sh;
			shellScript = "\"${SRCROOT}/Pods/Target Support Files/Pods-LiveControl/Pods-LiveControl-frameworks.sh\"\n";
			showEnvVarsInLog = 0;
		};
		F0D44426D3BF7042B692516F /* [CP] Check Pods Manifest.lock */ = {
			isa = PBXShellScriptBuildPhase;
			buildActionMask = 2147483647;
			files = (
			);
			inputPaths = (
			);
			name = "[CP] Check Pods Manifest.lock";
			outputPaths = (
			);
			runOnlyForDeploymentPostprocessing = 0;
			shellPath = /bin/sh;
			shellScript = "diff \"${PODS_ROOT}/../Podfile.lock\" \"${PODS_ROOT}/Manifest.lock\" > /dev/null\nif [ $? != 0 ] ; then\n    # print error to STDERR\n    echo \"error: The sandbox is not in sync with the Podfile.lock. Run 'pod install' or update your CocoaPods installation.\" >&2\n    exit 1\nfi\n";
			showEnvVarsInLog = 0;
		};
/* End PBXShellScriptBuildPhase section */

/* Begin PBXSourcesBuildPhase section */
		06460BE11EAEEEBA008B2263 /* Sources */ = {
			isa = PBXSourcesBuildPhase;
			buildActionMask = 2147483647;
			files = (
				06460BF01EAEEEBA008B2263 /* ConnectViewController.m in Sources */,
				06E7A8051EB0A91C004F923E /* AsyncSocketManager.m in Sources */,
				06460C071EAEF6DD008B2263 /* AsyncUdpSocket.m in Sources */,
				06460BED1EAEEEBA008B2263 /* AppDelegate.m in Sources */,
				06460BEA1EAEEEBA008B2263 /* main.m in Sources */,
				06460C061EAEF6DD008B2263 /* AsyncSocket.m in Sources */,
				04151CCB1EB8C098005F1BC7 /* GitTest.m in Sources */,
			);
			runOnlyForDeploymentPostprocessing = 0;
		};
/* End PBXSourcesBuildPhase section */

/* Begin PBXVariantGroup section */
		06460BF11EAEEEBA008B2263 /* Main.storyboard */ = {
			isa = PBXVariantGroup;
			children = (
				06460BF21EAEEEBA008B2263 /* Base */,
			);
			name = Main.storyboard;
			sourceTree = "<group>";
		};
		06460BF61EAEEEBA008B2263 /* LaunchScreen.storyboard */ = {
			isa = PBXVariantGroup;
			children = (
				06460BF71EAEEEBA008B2263 /* Base */,
			);
			name = LaunchScreen.storyboard;
			sourceTree = "<group>";
		};
/* End PBXVariantGroup section */

/* Begin XCBuildConfiguration section */
		06460BFA1EAEEEBA008B2263 /* Debug */ = {
			isa = XCBuildConfiguration;
			buildSettings = {
				ALWAYS_SEARCH_USER_PATHS = NO;
				CLANG_ANALYZER_NONNULL = YES;
				CLANG_ANALYZER_NUMBER_OBJECT_CONVERSION = YES_AGGRESSIVE;
				CLANG_CXX_LANGUAGE_STANDARD = "gnu++0x";
				CLANG_CXX_LIBRARY = "libc++";
				CLANG_ENABLE_MODULES = YES;
				CLANG_ENABLE_OBJC_ARC = YES;
				CLANG_WARN_BOOL_CONVERSION = YES;
				CLANG_WARN_CONSTANT_CONVERSION = YES;
				CLANG_WARN_DIRECT_OBJC_ISA_USAGE = YES_ERROR;
				CLANG_WARN_DOCUMENTATION_COMMENTS = YES;
				CLANG_WARN_EMPTY_BODY = YES;
				CLANG_WARN_ENUM_CONVERSION = YES;
				CLANG_WARN_INFINITE_RECURSION = YES;
				CLANG_WARN_INT_CONVERSION = YES;
				CLANG_WARN_OBJC_ROOT_CLASS = YES_ERROR;
				CLANG_WARN_SUSPICIOUS_MOVE = YES;
				CLANG_WARN_UNREACHABLE_CODE = YES;
				CLANG_WARN__DUPLICATE_METHOD_MATCH = YES;
				"CODE_SIGN_IDENTITY[sdk=iphoneos*]" = "iPhone Developer";
				COPY_PHASE_STRIP = NO;
				DEBUG_INFORMATION_FORMAT = dwarf;
				ENABLE_STRICT_OBJC_MSGSEND = YES;
				ENABLE_TESTABILITY = YES;
				GCC_C_LANGUAGE_STANDARD = gnu99;
				GCC_DYNAMIC_NO_PIC = NO;
				GCC_NO_COMMON_BLOCKS = YES;
				GCC_OPTIMIZATION_LEVEL = 0;
				GCC_PREPROCESSOR_DEFINITIONS = (
					"DEBUG=1",
					"$(inherited)",
				);
				GCC_WARN_64_TO_32_BIT_CONVERSION = YES;
				GCC_WARN_ABOUT_RETURN_TYPE = YES_ERROR;
				GCC_WARN_UNDECLARED_SELECTOR = YES;
				GCC_WARN_UNINITIALIZED_AUTOS = YES_AGGRESSIVE;
				GCC_WARN_UNUSED_FUNCTION = YES;
				GCC_WARN_UNUSED_VARIABLE = YES;
				IPHONEOS_DEPLOYMENT_TARGET = 10.3;
				MTL_ENABLE_DEBUG_INFO = YES;
				ONLY_ACTIVE_ARCH = YES;
				SDKROOT = iphoneos;
			};
			name = Debug;
		};
		06460BFB1EAEEEBA008B2263 /* Release */ = {
			isa = XCBuildConfiguration;
			buildSettings = {
				ALWAYS_SEARCH_USER_PATHS = NO;
				CLANG_ANALYZER_NONNULL = YES;
				CLANG_ANALYZER_NUMBER_OBJECT_CONVERSION = YES_AGGRESSIVE;
				CLANG_CXX_LANGUAGE_STANDARD = "gnu++0x";
				CLANG_CXX_LIBRARY = "libc++";
				CLANG_ENABLE_MODULES = YES;
				CLANG_ENABLE_OBJC_ARC = YES;
				CLANG_WARN_BOOL_CONVERSION = YES;
				CLANG_WARN_CONSTANT_CONVERSION = YES;
				CLANG_WARN_DIRECT_OBJC_ISA_USAGE = YES_ERROR;
				CLANG_WARN_DOCUMENTATION_COMMENTS = YES;
				CLANG_WARN_EMPTY_BODY = YES;
				CLANG_WARN_ENUM_CONVERSION = YES;
				CLANG_WARN_INFINITE_RECURSION = YES;
				CLANG_WARN_INT_CONVERSION = YES;
				CLANG_WARN_OBJC_ROOT_CLASS = YES_ERROR;
				CLANG_WARN_SUSPICIOUS_MOVE = YES;
				CLANG_WARN_UNREACHABLE_CODE = YES;
				CLANG_WARN__DUPLICATE_METHOD_MATCH = YES;
				"CODE_SIGN_IDENTITY[sdk=iphoneos*]" = "iPhone Developer";
				COPY_PHASE_STRIP = NO;
				DEBUG_INFORMATION_FORMAT = "dwarf-with-dsym";
				ENABLE_NS_ASSERTIONS = NO;
				ENABLE_STRICT_OBJC_MSGSEND = YES;
				GCC_C_LANGUAGE_STANDARD = gnu99;
				GCC_NO_COMMON_BLOCKS = YES;
				GCC_WARN_64_TO_32_BIT_CONVERSION = YES;
				GCC_WARN_ABOUT_RETURN_TYPE = YES_ERROR;
				GCC_WARN_UNDECLARED_SELECTOR = YES;
				GCC_WARN_UNINITIALIZED_AUTOS = YES_AGGRESSIVE;
				GCC_WARN_UNUSED_FUNCTION = YES;
				GCC_WARN_UNUSED_VARIABLE = YES;
				IPHONEOS_DEPLOYMENT_TARGET = 10.3;
				MTL_ENABLE_DEBUG_INFO = NO;
				SDKROOT = iphoneos;
				VALIDATE_PRODUCT = YES;
			};
			name = Release;
		};
		06460BFD1EAEEEBA008B2263 /* Debug */ = {
			isa = XCBuildConfiguration;
			baseConfigurationReference = 2454B963C6CBBD799D705A1B /* Pods-LiveControl.debug.xcconfig */;
			buildSettings = {
				ASSETCATALOG_COMPILER_APPICON_NAME = AppIcon;
				"CODE_SIGN_IDENTITY[sdk=iphoneos*]" = "iPhone Developer";
				DEVELOPMENT_TEAM = 7V9ZV7T6PZ;
				GCC_PREFIX_HEADER = "$(SRCROOT)/LiveControl/PrefixHeader.pch";
				INFOPLIST_FILE = LiveControl/Info.plist;
				IPHONEOS_DEPLOYMENT_TARGET = 8.0;
				LD_RUNPATH_SEARCH_PATHS = "$(inherited) @executable_path/Frameworks";
				PRODUCT_BUNDLE_IDENTIFIER = com.LY.LiveController;
				PRODUCT_NAME = "$(TARGET_NAME)";
				PROVISIONING_PROFILE_SPECIFIER = "";
			};
			name = Debug;
		};
		06460BFE1EAEEEBA008B2263 /* Release */ = {
			isa = XCBuildConfiguration;
			baseConfigurationReference = 077336381EB7C13471E9BF3D /* Pods-LiveControl.release.xcconfig */;
			buildSettings = {
				ASSETCATALOG_COMPILER_APPICON_NAME = AppIcon;
				"CODE_SIGN_IDENTITY[sdk=iphoneos*]" = "iPhone Developer";
				DEVELOPMENT_TEAM = 7V9ZV7T6PZ;
				GCC_PREFIX_HEADER = "$(SRCROOT)/LiveControl/PrefixHeader.pch";
				INFOPLIST_FILE = LiveControl/Info.plist;
				IPHONEOS_DEPLOYMENT_TARGET = 8.0;
				LD_RUNPATH_SEARCH_PATHS = "$(inherited) @executable_path/Frameworks";
				PRODUCT_BUNDLE_IDENTIFIER = com.LY.LiveController;
				PRODUCT_NAME = "$(TARGET_NAME)";
				PROVISIONING_PROFILE_SPECIFIER = "";
			};
			name = Release;
		};
/* End XCBuildConfiguration section */

/* Begin XCConfigurationList section */
		06460BE01EAEEEBA008B2263 /* Build configuration list for PBXProject "LiveControl" */ = {
			isa = XCConfigurationList;
			buildConfigurations = (
				06460BFA1EAEEEBA008B2263 /* Debug */,
				06460BFB1EAEEEBA008B2263 /* Release */,
			);
			defaultConfigurationIsVisible = 0;
			defaultConfigurationName = Release;
		};
		06460BFC1EAEEEBA008B2263 /* Build configuration list for PBXNativeTarget "LiveControl" */ = {
			isa = XCConfigurationList;
			buildConfigurations = (
				06460BFD1EAEEEBA008B2263 /* Debug */,
				06460BFE1EAEEEBA008B2263 /* Release */,
			);
			defaultConfigurationIsVisible = 0;
			defaultConfigurationName = Release;
		};
/* End XCConfigurationList section */
	};
	rootObject = 06460BDD1EAEEEBA008B2263 /* Project object */;
}
